
Microsoft Visual Studio Solution File, Format Version 12.00
# Visual Studio Version 16
VisualStudioVersion = 16.0.30002.166
MinimumVisualStudioVersion = 10.0.40219.1
Project("{FAE04EC0-301F-11D3-BF4B-00C04F79EFBC}") = "Casino", "Casino\Casino.csproj", "{C048AB1E-7F2B-4C70-99BB-D1111A841BB6}"
EndProject
Global
	GlobalSection(SolutionConfigurationPlatforms) = preSolution
		Debug|Any CPU = Debug|Any CPU
		Release|Any CPU = Release|Any CPU
	EndGlobalSection
	GlobalSection(ProjectConfigurationPlatforms) = postSolution
		{C048AB1E-7F2B-4C70-99BB-D1111A841BB6}.Debug|Any CPU.ActiveCfg = Debug|Any CPU
		{C048AB1E-7F2B-4C70-99BB-D1111A841BB6}.Debug|Any CPU.Build.0 = Debug|Any CPU
		{C048AB1E-7F2B-4C70-99BB-D1111A841BB6}.Release|Any CPU.ActiveCfg = Release|Any CPU
		{C048AB1E-7F2B-4C70-99BB-D1111A841BB6}.Release|Any CPU.Build.0 = Release|Any CPU
	EndGlobalSection
	GlobalSection(SolutionProperties) = preSolution
		HideSolutionNode = FALSE
	EndGlobalSection
	GlobalSection(ExtensibilityGlobals) = postSolution
		SolutionGuid = {53590DD7-6347-4060-8909-CBB732B277EC}
	EndGlobalSection
EndGlobal
